
Microsoft Visual Studio Solution File, Format Version 12.00
# Visual Studio Version 17
VisualStudioVersion = 17.0.31903.59
MinimumVisualStudioVersion = 10.0.40219.1
Project("{FAE04EC0-301F-11D3-BF4B-00C04F79EFBC}") = "MiniCRUFT.Core", "MiniCRUFT.Core\MiniCRUFT.Core.csproj", "{C991FAA4-B9CE-4054-B67E-AACFFA40BC58}"
EndProject
Project("{FAE04EC0-301F-11D3-BF4B-00C04F79EFBC}") = "MiniCRUFT.Audio", "MiniCRUFT.Audio\MiniCRUFT.Audio.csproj", "{A2F1A2D0-0C3A-4F93-9E46-1E844B9673B5}"
EndProject
Project("{FAE04EC0-301F-11D3-BF4B-00C04F79EFBC}") = "MiniCRUFT.Renderer", "MiniCRUFT.Renderer\MiniCRUFT.Renderer.csproj", "{D7CF1A57-D4E4-4085-AE80-ED8837FC0826}"
EndProject
Project("{FAE04EC0-301F-11D3-BF4B-00C04F79EFBC}") = "MiniCRUFT.World", "MiniCRUFT.World\MiniCRUFT.World.csproj", "{61B18BFD-4198-4B6D-8C51-C483AA86457D}"
EndProject
Project("{FAE04EC0-301F-11D3-BF4B-00C04F79EFBC}") = "MiniCRUFT.Game", "MiniCRUFT.Game\MiniCRUFT.Game.csproj", "{D40ABD39-B2DF-413E-BEF8-C81446D478AF}"
EndProject
Project("{FAE04EC0-301F-11D3-BF4B-00C04F79EFBC}") = "MiniCRUFT.IO", "MiniCRUFT.IO\MiniCRUFT.IO.csproj", "{48115C48-2555-4896-B36A-36874F2817CE}"
EndProject
Project("{FAE04EC0-301F-11D3-BF4B-00C04F79EFBC}") = "MiniCRUFT.UI", "MiniCRUFT.UI\MiniCRUFT.UI.csproj", "{60CD8617-EBB4-4359-9D30-D63A4753DB9E}"
EndProject
Project("{FAE04EC0-301F-11D3-BF4B-00C04F79EFBC}") = "MiniCRUFT.Tests", "MiniCRUFT.Tests\MiniCRUFT.Tests.csproj", "{4C78A0DC-3F93-4F53-AD6B-BF77798FE44E}"
EndProject
Global
	GlobalSection(SolutionConfigurationPlatforms) = preSolution
		Debug|Any CPU = Debug|Any CPU
		Debug|x64 = Debug|x64
		Debug|x86 = Debug|x86
		Release|Any CPU = Release|Any CPU
		Release|x64 = Release|x64
		Release|x86 = Release|x86
	EndGlobalSection
	GlobalSection(ProjectConfigurationPlatforms) = postSolution
		{C991FAA4-B9CE-4054-B67E-AACFFA40BC58}.Debug|Any CPU.ActiveCfg = Debug|Any CPU
		{C991FAA4-B9CE-4054-B67E-AACFFA40BC58}.Debug|Any CPU.Build.0 = Debug|Any CPU
		{C991FAA4-B9CE-4054-B67E-AACFFA40BC58}.Debug|x64.ActiveCfg = Debug|Any CPU
		{C991FAA4-B9CE-4054-B67E-AACFFA40BC58}.Debug|x64.Build.0 = Debug|Any CPU
		{C991FAA4-B9CE-4054-B67E-AACFFA40BC58}.Debug|x86.ActiveCfg = Debug|Any CPU
		{C991FAA4-B9CE-4054-B67E-AACFFA40BC58}.Debug|x86.Build.0 = Debug|Any CPU
		{C991FAA4-B9CE-4054-B67E-AACFFA40BC58}.Release|Any CPU.ActiveCfg = Release|Any CPU
		{C991FAA4-B9CE-4054-B67E-AACFFA40BC58}.Release|Any CPU.Build.0 = Release|Any CPU
		{C991FAA4-B9CE-4054-B67E-AACFFA40BC58}.Release|x64.ActiveCfg = Release|Any CPU
		{C991FAA4-B9CE-4054-B67E-AACFFA40BC58}.Release|x64.Build.0 = Release|Any CPU
		{C991FAA4-B9CE-4054-B67E-AACFFA40BC58}.Release|x86.ActiveCfg = Release|Any CPU
		{C991FAA4-B9CE-4054-B67E-AACFFA40BC58}.Release|x86.Build.0 = Release|Any CPU
		{A2F1A2D0-0C3A-4F93-9E46-1E844B9673B5}.Debug|Any CPU.ActiveCfg = Debug|Any CPU
		{A2F1A2D0-0C3A-4F93-9E46-1E844B9673B5}.Debug|Any CPU.Build.0 = Debug|Any CPU
		{A2F1A2D0-0C3A-4F93-9E46-1E844B9673B5}.Debug|x64.ActiveCfg = Debug|Any CPU
		{A2F1A2D0-0C3A-4F93-9E46-1E844B9673B5}.Debug|x64.Build.0 = Debug|Any CPU
		{A2F1A2D0-0C3A-4F93-9E46-1E844B9673B5}.Debug|x86.ActiveCfg = Debug|Any CPU
		{A2F1A2D0-0C3A-4F93-9E46-1E844B9673B5}.Debug|x86.Build.0 = Debug|Any CPU
		{A2F1A2D0-0C3A-4F93-9E46-1E844B9673B5}.Release|Any CPU.ActiveCfg = Release|Any CPU
		{A2F1A2D0-0C3A-4F93-9E46-1E844B9673B5}.Release|Any CPU.Build.0 = Release|Any CPU
		{A2F1A2D0-0C3A-4F93-9E46-1E844B9673B5}.Release|x64.ActiveCfg = Release|Any CPU
		{A2F1A2D0-0C3A-4F93-9E46-1E844B9673B5}.Release|x64.Build.0 = Release|Any CPU
		{A2F1A2D0-0C3A-4F93-9E46-1E844B9673B5}.Release|x86.ActiveCfg = Release|Any CPU
		{A2F1A2D0-0C3A-4F93-9E46-1E844B9673B5}.Release|x86.Build.0 = Release|Any CPU
		{D7CF1A57-D4E4-4085-AE80-ED8837FC0826}.Debug|Any CPU.ActiveCfg = Debug|Any CPU
		{D7CF1A57-D4E4-4085-AE80-ED8837FC0826}.Debug|Any CPU.Build.0 = Debug|Any CPU
		{D7CF1A57-D4E4-4085-AE80-ED8837FC0826}.Debug|x64.ActiveCfg = Debug|Any CPU
		{D7CF1A57-D4E4-4085-AE80-ED8837FC0826}.Debug|x64.Build.0 = Debug|Any CPU
		{D7CF1A57-D4E4-4085-AE80-ED8837FC0826}.Debug|x86.ActiveCfg = Debug|Any CPU
		{D7CF1A57-D4E4-4085-AE80-ED8837FC0826}.Debug|x86.Build.0 = Debug|Any CPU
		{D7CF1A57-D4E4-4085-AE80-ED8837FC0826}.Release|Any CPU.ActiveCfg = Release|Any CPU
		{D7CF1A57-D4E4-4085-AE80-ED8837FC0826}.Release|Any CPU.Build.0 = Release|Any CPU
		{D7CF1A57-D4E4-4085-AE80-ED8837FC0826}.Release|x64.ActiveCfg = Release|Any CPU
		{D7CF1A57-D4E4-4085-AE80-ED8837FC0826}.Release|x64.Build.0 = Release|Any CPU
		{D7CF1A57-D4E4-4085-AE80-ED8837FC0826}.Release|x86.ActiveCfg = Release|Any CPU
		{D7CF1A57-D4E4-4085-AE80-ED8837FC0826}.Release|x86.Build.0 = Release|Any CPU
		{61B18BFD-4198-4B6D-8C51-C483AA86457D}.Debug|Any CPU.ActiveCfg = Debug|Any CPU
		{61B18BFD-4198-4B6D-8C51-C483AA86457D}.Debug|Any CPU.Build.0 = Debug|Any CPU
		{61B18BFD-4198-4B6D-8C51-C483AA86457D}.Debug|x64.ActiveCfg = Debug|Any CPU
		{61B18BFD-4198-4B6D-8C51-C483AA86457D}.Debug|x64.Build.0 = Debug|Any CPU
		{61B18BFD-4198-4B6D-8C51-C483AA86457D}.Debug|x86.ActiveCfg = Debug|Any CPU
		{61B18BFD-4198-4B6D-8C51-C483AA86457D}.Debug|x86.Build.0 = Debug|Any CPU
		{61B18BFD-4198-4B6D-8C51-C483AA86457D}.Release|Any CPU.ActiveCfg = Release|Any CPU
		{61B18BFD-4198-4B6D-8C51-C483AA86457D}.Release|Any CPU.Build.0 = Release|Any CPU
		{61B18BFD-4198-4B6D-8C51-C483AA86457D}.Release|x64.ActiveCfg = Release|Any CPU
		{61B18BFD-4198-4B6D-8C51-C483AA86457D}.Release|x64.Build.0 = Release|Any CPU
		{61B18BFD-4198-4B6D-8C51-C483AA86457D}.Release|x86.ActiveCfg = Release|Any CPU
		{61B18BFD-4198-4B6D-8C51-C483AA86457D}.Release|x86.Build.0 = Release|Any CPU
		{D40ABD39-B2DF-413E-BEF8-C81446D478AF}.Debug|Any CPU.ActiveCfg = Debug|Any CPU
		{D40ABD39-B2DF-413E-BEF8-C81446D478AF}.Debug|Any CPU.Build.0 = Debug|Any CPU
		{D40ABD39-B2DF-413E-BEF8-C81446D478AF}.Debug|x64.ActiveCfg = Debug|Any CPU
		{D40ABD39-B2DF-413E-BEF8-C81446D478AF}.Debug|x64.Build.0 = Debug|Any CPU
		{D40ABD39-B2DF-413E-BEF8-C81446D478AF}.Debug|x86.ActiveCfg = Debug|Any CPU
		{D40ABD39-B2DF-413E-BEF8-C81446D478AF}.Debug|x86.Build.0 = Debug|Any CPU
		{D40ABD39-B2DF-413E-BEF8-C81446D478AF}.Release|Any CPU.ActiveCfg = Release|Any CPU
		{D40ABD39-B2DF-413E-BEF8-C81446D478AF}.Release|Any CPU.Build.0 = Release|Any CPU
		{D40ABD39-B2DF-413E-BEF8-C81446D478AF}.Release|x64.ActiveCfg = Release|Any CPU
		{D40ABD39-B2DF-413E-BEF8-C81446D478AF}.Release|x64.Build.0 = Release|Any CPU
		{D40ABD39-B2DF-413E-BEF8-C81446D478AF}.Release|x86.ActiveCfg = Release|Any CPU
		{D40ABD39-B2DF-413E-BEF8-C81446D478AF}.Release|x86.Build.0 = Release|Any CPU
		{48115C48-2555-4896-B36A-36874F2817CE}.Debug|Any CPU.ActiveCfg = Debug|Any CPU
		{48115C48-2555-4896-B36A-36874F2817CE}.Debug|Any CPU.Build.0 = Debug|Any CPU
		{48115C48-2555-4896-B36A-36874F2817CE}.Debug|x64.ActiveCfg = Debug|Any CPU
		{48115C48-2555-4896-B36A-36874F2817CE}.Debug|x64.Build.0 = Debug|Any CPU
		{48115C48-2555-4896-B36A-36874F2817CE}.Debug|x86.ActiveCfg = Debug|Any CPU
		{48115C48-2555-4896-B36A-36874F2817CE}.Debug|x86.Build.0 = Debug|Any CPU
		{48115C48-2555-4896-B36A-36874F2817CE}.Release|Any CPU.ActiveCfg = Release|Any CPU
		{48115C48-2555-4896-B36A-36874F2817CE}.Release|Any CPU.Build.0 = Release|Any CPU
		{48115C48-2555-4896-B36A-36874F2817CE}.Release|x64.ActiveCfg = Release|Any CPU
		{48115C48-2555-4896-B36A-36874F2817CE}.Release|x64.Build.0 = Release|Any CPU
		{48115C48-2555-4896-B36A-36874F2817CE}.Release|x86.ActiveCfg = Release|Any CPU
		{48115C48-2555-4896-B36A-36874F2817CE}.Release|x86.Build.0 = Release|Any CPU
		{60CD8617-EBB4-4359-9D30-D63A4753DB9E}.Debug|Any CPU.ActiveCfg = Debug|Any CPU
		{60CD8617-EBB4-4359-9D30-D63A4753DB9E}.Debug|Any CPU.Build.0 = Debug|Any CPU
		{60CD8617-EBB4-4359-9D30-D63A4753DB9E}.Debug|x64.ActiveCfg = Debug|Any CPU
		{60CD8617-EBB4-4359-9D30-D63A4753DB9E}.Debug|x64.Build.0 = Debug|Any CPU
		{60CD8617-EBB4-4359-9D30-D63A4753DB9E}.Debug|x86.ActiveCfg = Debug|Any CPU
		{60CD8617-EBB4-4359-9D30-D63A4753DB9E}.Debug|x86.Build.0 = Debug|Any CPU
		{60CD8617-EBB4-4359-9D30-D63A4753DB9E}.Release|Any CPU.ActiveCfg = Release|Any CPU
		{60CD8617-EBB4-4359-9D30-D63A4753DB9E}.Release|Any CPU.Build.0 = Release|Any CPU
		{60CD8617-EBB4-4359-9D30-D63A4753DB9E}.Release|x64.ActiveCfg = Release|Any CPU
		{60CD8617-EBB4-4359-9D30-D63A4753DB9E}.Release|x64.Build.0 = Release|Any CPU
		{60CD8617-EBB4-4359-9D30-D63A4753DB9E}.Release|x86.ActiveCfg = Release|Any CPU
		{60CD8617-EBB4-4359-9D30-D63A4753DB9E}.Release|x86.Build.0 = Release|Any CPU
		{4C78A0DC-3F93-4F53-AD6B-BF77798FE44E}.Debug|Any CPU.ActiveCfg = Debug|Any CPU
		{4C78A0DC-3F93-4F53-AD6B-BF77798FE44E}.Debug|Any CPU.Build.0 = Debug|Any CPU
		{4C78A0DC-3F93-4F53-AD6B-BF77798FE44E}.Debug|x64.ActiveCfg = Debug|Any CPU
		{4C78A0DC-3F93-4F53-AD6B-BF77798FE44E}.Debug|x64.Build.0 = Debug|Any CPU
		{4C78A0DC-3F93-4F53-AD6B-BF77798FE44E}.Debug|x86.ActiveCfg = Debug|Any CPU
		{4C78A0DC-3F93-4F53-AD6B-BF77798FE44E}.Debug|x86.Build.0 = Debug|Any CPU
		{4C78A0DC-3F93-4F53-AD6B-BF77798FE44E}.Release|Any CPU.ActiveCfg = Release|Any CPU
		{4C78A0DC-3F93-4F53-AD6B-BF77798FE44E}.Release|Any CPU.Build.0 = Release|Any CPU
		{4C78A0DC-3F93-4F53-AD6B-BF77798FE44E}.Release|x64.ActiveCfg = Release|Any CPU
		{4C78A0DC-3F93-4F53-AD6B-BF77798FE44E}.Release|x64.Build.0 = Release|Any CPU
		{4C78A0DC-3F93-4F53-AD6B-BF77798FE44E}.Release|x86.ActiveCfg = Release|Any CPU
		{4C78A0DC-3F93-4F53-AD6B-BF77798FE44E}.Release|x86.Build.0 = Release|Any CPU
	EndGlobalSection
	GlobalSection(SolutionProperties) = preSolution
		HideSolutionNode = FALSE
	EndGlobalSection
EndGlobal
